
Microsoft Visual Studio Solution File, Format Version 12.00
# Visual Studio Version 17
VisualStudioVersion = 17.5.002.0
MinimumVisualStudioVersion = 10.0.40219.1
Project("{9A19103F-16F7-4668-BE54-9A1E7A4F7556}") = "mis-221-lab-2-ecgeorge1", "mis-221-lab-2-ecgeorge1.csproj", "{18495BAE-7235-479E-902D-C2C68D2D8B4D}"
EndProject
Global
	GlobalSection(SolutionConfigurationPlatforms) = preSolution
		Debug|Any CPU = Debug|Any CPU
		Release|Any CPU = Release|Any CPU
	EndGlobalSection
	GlobalSection(ProjectConfigurationPlatforms) = postSolution
		{18495BAE-7235-479E-902D-C2C68D2D8B4D}.Debug|Any CPU.ActiveCfg = Debug|Any CPU
		{18495BAE-7235-479E-902D-C2C68D2D8B4D}.Debug|Any CPU.Build.0 = Debug|Any CPU
		{18495BAE-7235-479E-902D-C2C68D2D8B4D}.Release|Any CPU.ActiveCfg = Release|Any CPU
		{18495BAE-7235-479E-902D-C2C68D2D8B4D}.Release|Any CPU.Build.0 = Release|Any CPU
	EndGlobalSection
	GlobalSection(SolutionProperties) = preSolution
		HideSolutionNode = FALSE
	EndGlobalSection
	GlobalSection(ExtensibilityGlobals) = postSolution
		SolutionGuid = {73BAA53B-F935-46DE-B2C6-8229FE7895A5}
	EndGlobalSection
EndGlobal
